{
  "originHash" : "4b4fb6c45255c63a8dc40083567bc8195268f049904a9452e3e690f2462a80b5",
  "pins" : [
    {
      "identity" : "mylibrary3",
      "kind" : "remoteSourceControl",
      "location" : "https://github.com/Yevgeny-Ly/MyLibrary3.git",
      "state" : {
        "revision" : "30e08a1e71ac9ddffc7671c11f1bd09fb822a4bb",
        "version" : "1.0.4"
      }
    },
    {
      "identity" : "swinject",
      "kind" : "remoteSourceControl",
      "location" : "https://github.com/Swinject/Swinject.git",
      "state" : {
        "revision" : "463cb2d659c8ae34899d18057ea5b1bb86fc3178",
        "version" : "2.8.4"
      }
    }
  ],
  "version" : 3
}
